
Microsoft Visual Studio Solution File, Format Version 12.00
# Visual Studio 2013
VisualStudioVersion = 12.0.30501.0
MinimumVisualStudioVersion = 10.0.40219.1
Project("{FAE04EC0-301F-11D3-BF4B-00C04F79EFBC}") = "Comm", "Comm\Comm.csproj", "{9DCEB269-AE38-4390-9A91-53271333415E}"
EndProject
Project("{FAE04EC0-301F-11D3-BF4B-00C04F79EFBC}") = "DataAccess", "DataAccess\DataAccess.csproj", "{50125ED7-D6B4-471A-A279-CA0DA0B11287}"
EndProject
Project("{FAE04EC0-301F-11D3-BF4B-00C04F79EFBC}") = "LibraryBusiness", "LibraryBusiness\LibraryBusiness.csproj", "{E69983AA-E113-40EC-A261-E5B387F16565}"
EndProject
Project("{FAE04EC0-301F-11D3-BF4B-00C04F79EFBC}") = "LibraryWindowsUI", "LibraryWindowsUI\LibraryWindowsUI.csproj", "{276E0943-49D1-4AF3-BF9E-26D684D47831}"
EndProject
Project("{FAE04EC0-301F-11D3-BF4B-00C04F79EFBC}") = "DataAccessTest", "DataAccessTest\DataAccessTest.csproj", "{6AB96787-0E08-4F41-A8E2-19C8E82D743D}"
EndProject
Global
	GlobalSection(SolutionConfigurationPlatforms) = preSolution
		Debug|Any CPU = Debug|Any CPU
		Release|Any CPU = Release|Any CPU
	EndGlobalSection
	GlobalSection(ProjectConfigurationPlatforms) = postSolution
		{9DCEB269-AE38-4390-9A91-53271333415E}.Debug|Any CPU.ActiveCfg = Debug|Any CPU
		{9DCEB269-AE38-4390-9A91-53271333415E}.Debug|Any CPU.Build.0 = Debug|Any CPU
		{9DCEB269-AE38-4390-9A91-53271333415E}.Release|Any CPU.ActiveCfg = Release|Any CPU
		{9DCEB269-AE38-4390-9A91-53271333415E}.Release|Any CPU.Build.0 = Release|Any CPU
		{50125ED7-D6B4-471A-A279-CA0DA0B11287}.Debug|Any CPU.ActiveCfg = Debug|Any CPU
		{50125ED7-D6B4-471A-A279-CA0DA0B11287}.Debug|Any CPU.Build.0 = Debug|Any CPU
		{50125ED7-D6B4-471A-A279-CA0DA0B11287}.Release|Any CPU.ActiveCfg = Release|Any CPU
		{50125ED7-D6B4-471A-A279-CA0DA0B11287}.Release|Any CPU.Build.0 = Release|Any CPU
		{E69983AA-E113-40EC-A261-E5B387F16565}.Debug|Any CPU.ActiveCfg = Debug|Any CPU
		{E69983AA-E113-40EC-A261-E5B387F16565}.Debug|Any CPU.Build.0 = Debug|Any CPU
		{E69983AA-E113-40EC-A261-E5B387F16565}.Release|Any CPU.ActiveCfg = Release|Any CPU
		{E69983AA-E113-40EC-A261-E5B387F16565}.Release|Any CPU.Build.0 = Release|Any CPU
		{276E0943-49D1-4AF3-BF9E-26D684D47831}.Debug|Any CPU.ActiveCfg = Debug|Any CPU
		{276E0943-49D1-4AF3-BF9E-26D684D47831}.Debug|Any CPU.Build.0 = Debug|Any CPU
		{276E0943-49D1-4AF3-BF9E-26D684D47831}.Release|Any CPU.ActiveCfg = Release|Any CPU
		{276E0943-49D1-4AF3-BF9E-26D684D47831}.Release|Any CPU.Build.0 = Release|Any CPU
		{6AB96787-0E08-4F41-A8E2-19C8E82D743D}.Debug|Any CPU.ActiveCfg = Debug|Any CPU
		{6AB96787-0E08-4F41-A8E2-19C8E82D743D}.Debug|Any CPU.Build.0 = Debug|Any CPU
		{6AB96787-0E08-4F41-A8E2-19C8E82D743D}.Release|Any CPU.ActiveCfg = Release|Any CPU
		{6AB96787-0E08-4F41-A8E2-19C8E82D743D}.Release|Any CPU.Build.0 = Release|Any CPU
	EndGlobalSection
	GlobalSection(SolutionProperties) = preSolution
		HideSolutionNode = FALSE
	EndGlobalSection
EndGlobal
